
Microsoft Visual Studio Solution File, Format Version 11.00
# Visual Web Developer Express 2010
Project("{FAE04EC0-301F-11D3-BF4B-00C04F79EFBC}") = "CertificadoDigital", "CertificadoDigital.csproj", "{375224EA-FBF8-42B3-AFB5-26623B520856}"
EndProject
Global
	GlobalSection(SolutionConfigurationPlatforms) = preSolution
		Debug|Any CPU = Debug|Any CPU
		Release|Any CPU = Release|Any CPU
	EndGlobalSection
	GlobalSection(ProjectConfigurationPlatforms) = postSolution
		{375224EA-FBF8-42B3-AFB5-26623B520856}.Debug|Any CPU.ActiveCfg = Debug|Any CPU
		{375224EA-FBF8-42B3-AFB5-26623B520856}.Debug|Any CPU.Build.0 = Debug|Any CPU
		{375224EA-FBF8-42B3-AFB5-26623B520856}.Release|Any CPU.ActiveCfg = Release|Any CPU
		{375224EA-FBF8-42B3-AFB5-26623B520856}.Release|Any CPU.Build.0 = Release|Any CPU
	EndGlobalSection
	GlobalSection(SolutionProperties) = preSolution
		HideSolutionNode = FALSE
	EndGlobalSection
EndGlobal
